
Microsoft Visual Studio Solution File, Format Version 12.00
# Visual Studio Version 17
VisualStudioVersion = 17.5.33424.131
MinimumVisualStudioVersion = 10.0.40219.1
Project("{FAE04EC0-301F-11D3-BF4B-00C04F79EFBC}") = "FAPDataManager", "FAPDataManager\FAPDataManager.csproj", "{F0D0FD92-6827-40E7-9FEA-98862B8F8518}"
EndProject
Project("{00D1A9C2-B5F0-4AF3-8072-F6C62B433612}") = "FAPData", "FAPData\FAPData.sqlproj", "{33011333-E79A-4DD9-9BAF-1DB59BA4F939}"
EndProject
Project("{FAE04EC0-301F-11D3-BF4B-00C04F79EFBC}") = "FAPDesktopUI", "FAPDesktopUI\FAPDesktopUI.csproj", "{27396AE9-0F2F-4046-8445-9B49E7319236}"
EndProject
Global
	GlobalSection(SolutionConfigurationPlatforms) = preSolution
		Debug|Any CPU = Debug|Any CPU
		Release|Any CPU = Release|Any CPU
	EndGlobalSection
	GlobalSection(ProjectConfigurationPlatforms) = postSolution
		{F0D0FD92-6827-40E7-9FEA-98862B8F8518}.Debug|Any CPU.ActiveCfg = Debug|Any CPU
		{F0D0FD92-6827-40E7-9FEA-98862B8F8518}.Debug|Any CPU.Build.0 = Debug|Any CPU
		{F0D0FD92-6827-40E7-9FEA-98862B8F8518}.Release|Any CPU.ActiveCfg = Release|Any CPU
		{F0D0FD92-6827-40E7-9FEA-98862B8F8518}.Release|Any CPU.Build.0 = Release|Any CPU
		{33011333-E79A-4DD9-9BAF-1DB59BA4F939}.Debug|Any CPU.ActiveCfg = Debug|Any CPU
		{33011333-E79A-4DD9-9BAF-1DB59BA4F939}.Debug|Any CPU.Build.0 = Debug|Any CPU
		{33011333-E79A-4DD9-9BAF-1DB59BA4F939}.Debug|Any CPU.Deploy.0 = Debug|Any CPU
		{33011333-E79A-4DD9-9BAF-1DB59BA4F939}.Release|Any CPU.ActiveCfg = Release|Any CPU
		{33011333-E79A-4DD9-9BAF-1DB59BA4F939}.Release|Any CPU.Build.0 = Release|Any CPU
		{33011333-E79A-4DD9-9BAF-1DB59BA4F939}.Release|Any CPU.Deploy.0 = Release|Any CPU
		{27396AE9-0F2F-4046-8445-9B49E7319236}.Debug|Any CPU.ActiveCfg = Debug|Any CPU
		{27396AE9-0F2F-4046-8445-9B49E7319236}.Debug|Any CPU.Build.0 = Debug|Any CPU
		{27396AE9-0F2F-4046-8445-9B49E7319236}.Release|Any CPU.ActiveCfg = Release|Any CPU
		{27396AE9-0F2F-4046-8445-9B49E7319236}.Release|Any CPU.Build.0 = Release|Any CPU
	EndGlobalSection
	GlobalSection(SolutionProperties) = preSolution
		HideSolutionNode = FALSE
	EndGlobalSection
	GlobalSection(ExtensibilityGlobals) = postSolution
		SolutionGuid = {15B92ACF-F42D-4721-A09A-D30367866F37}
	EndGlobalSection
EndGlobal
